# This file is automatically @generated by Cargo.
# It is not intended for manual editing.
version = 4

[[package]]
name = "lazy_static"
version = "1.5.0"
source = "registry+https://github.com/rust-lang/crates.io-index"
checksum = "bbd2bcb4c963f2ddae06a2efc7e9f3591312473c50c6685e1f298068316e66fe"
dependencies = [
 "spin",
]

[[package]]
name = "rust_starter"
version = "1.0.0"
dependencies = [
 "lazy_static",
 "sdl3-sys",
]

[[package]]
name = "sdl3-sys"
version = "0.5.4+SDL3-3.2.20"
source = "registry+https://github.com/rust-lang/crates.io-index"
checksum = "5c4f7f348dea346f67f38bc1392bf1edd9250d4c586479778e849f6ee61af2d8"

[[package]]
name = "spin"
version = "0.9.8"
source = "registry+https://github.com/rust-lang/crates.io-index"
checksum = "6980e8d7511241f8acf4aebddbb1ff938df5eebe98691418c4468d0b72a96a67"
